{
  "version": 4,
  "terraform_version": "0.12.24",
  "serial": 48,
  "lineage": "50d46214-d440-472c-419c-91b595b36525",
  "outputs": {},
  "resources": [
    {
      "mode": "data",
      "type": "template_file",
      "name": "instance_profile",
      "provider": "provider.template",
      "instances": [
        {
          "schema_version": 0,
          "attributes": {
            "filename": null,
            "id": "de696073ec0c0299d08988f0f998c2e71ce8c59ef27c3cfd84a4f58e9b942165",
            "rendered": "{\n  \"Version\": \"2012-10-17\",\n  \"Statement\": [\n    {\n      \"Sid\": \"ecsInstanceRole\",\n      \"Effect\": \"Allow\",\n      \"Action\": [\n              \"ecs:CreateCluster\",\n              \"ecs:DeregisterContainerInstance\",\n              \"ecs:DiscoverPollEndpoint\",\n              \"ecs:Poll\",\n              \"ecs:RegisterContainerInstance\",\n              \"ecs:StartTelemetrySession\",\n              \"ecs:Submit*\",\n              \"ecs:StartTask\",\n              \"ecr:GetAuthorizationToken\",\n              \"ecr:BatchCheckLayerAvailability\",\n              \"ecr:GetDownloadUrlForLayer\",\n              \"ecr:BatchGetImage\",\n              \"logs:CreateLogStream\",\n              \"logs:PutLogEvents\"\n      ],\n      \"Resource\": [\n        \"*\"\n      ]\n    },\n    {\n      \"Sid\": \"allowLoggingToCloudWatch\",\n      \"Effect\": \"Allow\",\n      \"Action\": [\n                \"logs:CreateLogGroup\",\n                \"logs:CreateLogStream\",\n                \"logs:PutLogEvents\",\n                \"logs:DescribeLogStreams\"\n      ],\n      \"Resource\": [\n        \"arn:aws:logs:us-east-1:201451849701:log-group:sample-ecs-group/app:*\",\n        \"arn:aws:logs:us-east-1:201451849701:log-group:sample-ecs-group/ecs-agent:*\"\n      ]\n    }\n  ]\n}\n",
            "template": "{\n  \"Version\": \"2012-10-17\",\n  \"Statement\": [\n    {\n      \"Sid\": \"ecsInstanceRole\",\n      \"Effect\": \"Allow\",\n      \"Action\": [\n              \"ecs:CreateCluster\",\n              \"ecs:DeregisterContainerInstance\",\n              \"ecs:DiscoverPollEndpoint\",\n              \"ecs:Poll\",\n              \"ecs:RegisterContainerInstance\",\n              \"ecs:StartTelemetrySession\",\n              \"ecs:Submit*\",\n              \"ecs:StartTask\",\n              \"ecr:GetAuthorizationToken\",\n              \"ecr:BatchCheckLayerAvailability\",\n              \"ecr:GetDownloadUrlForLayer\",\n              \"ecr:BatchGetImage\",\n              \"logs:CreateLogStream\",\n              \"logs:PutLogEvents\"\n      ],\n      \"Resource\": [\n        \"*\"\n      ]\n    },\n    {\n      \"Sid\": \"allowLoggingToCloudWatch\",\n      \"Effect\": \"Allow\",\n      \"Action\": [\n                \"logs:CreateLogGroup\",\n                \"logs:CreateLogStream\",\n                \"logs:PutLogEvents\",\n                \"logs:DescribeLogStreams\"\n      ],\n      \"Resource\": [\n        \"${app_log_group_arn}\",\n        \"${ecs_log_group_arn}\"\n      ]\n    }\n  ]\n}\n",
            "vars": {
              "app_log_group_arn": "arn:aws:logs:us-east-1:201451849701:log-group:sample-ecs-group/app:*",
              "ecs_log_group_arn": "arn:aws:logs:us-east-1:201451849701:log-group:sample-ecs-group/ecs-agent:*"
            }
          }
        }
      ]
    },
    {
      "mode": "data",
      "type": "template_file",
      "name": "task_definition",
      "provider": "provider.template",
      "instances": [
        {
          "schema_version": 0,
          "attributes": {
            "filename": null,
            "id": "2495be2de70218710bfa2ab06181d3b6bbd5577174282bb58099db4c8a284b6e",
            "rendered": "[\n  {\n    \"cpu\": 128,\n    \"essential\": true,\n    \"image\": \"aniketchopade/gotcp\",\n    \"memory\": 256,\n    \"name\": \"sample-dc\",\n    \"portMappings\": [\n      {\n        \"containerPort\": 3333,\n        \"hostPort\": 0\n      }\n    ],\n    \"logConfiguration\": {\n        \"logDriver\": \"awslogs\",\n        \"options\": {\n            \"awslogs-group\": \"sample-ecs-group/app\",\n            \"awslogs-region\": \"us-east-1\"\n        }\n    }\n\n  }\n]\n",
            "template": "[\n  {\n    \"cpu\": 128,\n    \"essential\": true,\n    \"image\": \"${image_url}\",\n    \"memory\": 256,\n    \"name\": \"${container_name}\",\n    \"portMappings\": [\n      {\n        \"containerPort\": 3333,\n        \"hostPort\": 0\n      }\n    ],\n    \"logConfiguration\": {\n        \"logDriver\": \"awslogs\",\n        \"options\": {\n            \"awslogs-group\": \"${log_group_name}\",\n            \"awslogs-region\": \"${log_group_region}\"\n        }\n    }\n\n  }\n]\n",
            "vars": {
              "container_name": "sample-dc",
              "image_url": "aniketchopade/gotcp",
              "log_group_name": "sample-ecs-group/app",
              "log_group_region": "us-east-1"
            }
          }
        }
      ]
    },
    {
      "mode": "data",
      "type": "template_file",
      "name": "userdata",
      "provider": "provider.template",
      "instances": [
        {
          "schema_version": 0,
          "attributes": {
            "filename": null,
            "id": "7b540bf455401c6a4bb23c260a33d3ab332d0da62f807ca54a79a11d8622fc29",
            "rendered": "#!/bin/bash\necho 'ECS_CLUSTER=sample-ecs-cluster' \u003e /etc/ecs/ecs.config\nstart ecs",
            "template": "#!/bin/bash\necho 'ECS_CLUSTER=${ecs_cluster_name}' \u003e /etc/ecs/ecs.config\nstart ecs",
            "vars": {
              "ecs_cluster_name": "sample-ecs-cluster"
            }
          }
        }
      ]
    },
    {
      "mode": "managed",
      "type": "aws_alb_listener",
      "name": "front_end",
      "provider": "provider.aws",
      "instances": [
        {
          "schema_version": 0,
          "attributes": {
            "arn": "arn:aws:elasticloadbalancing:us-east-1:201451849701:listener/net/sample-alb-ecs/658d14907db54259/90f7ff10d27c4099",
            "certificate_arn": null,
            "default_action": [
              {
                "authenticate_cognito": [],
                "authenticate_oidc": [],
                "fixed_response": [],
                "order": 1,
                "redirect": [],
                "target_group_arn": "arn:aws:elasticloadbalancing:us-east-1:201451849701:targetgroup/sample-ecs-tg/72b9322a2f044b90",
                "type": "forward"
              }
            ],
            "id": "arn:aws:elasticloadbalancing:us-east-1:201451849701:listener/net/sample-alb-ecs/658d14907db54259/90f7ff10d27c4099",
            "load_balancer_arn": "arn:aws:elasticloadbalancing:us-east-1:201451849701:loadbalancer/net/sample-alb-ecs/658d14907db54259",
            "port": 3333,
            "protocol": "TCP",
            "ssl_policy": "",
            "timeouts": null
          },
          "private": "eyJlMmJmYjczMC1lY2FhLTExZTYtOGY4OC0zNDM2M2JjN2M0YzAiOnsicmVhZCI6NjAwMDAwMDAwMDAwfX0=",
          "dependencies": [
            "aws_alb_target_group.sample_target_group",
            "aws_lb.main"
          ]
        }
      ]
    },
    {
      "mode": "managed",
      "type": "aws_alb_target_group",
      "name": "sample_target_group",
      "provider": "provider.aws",
      "instances": [
        {
          "schema_version": 0,
          "attributes": {
            "arn": "arn:aws:elasticloadbalancing:us-east-1:201451849701:targetgroup/sample-ecs-tg/72b9322a2f044b90",
            "arn_suffix": "targetgroup/sample-ecs-tg/72b9322a2f044b90",
            "deregistration_delay": 300,
            "health_check": [
              {
                "enabled": true,
                "healthy_threshold": 2,
                "interval": 30,
                "matcher": "",
                "path": "",
                "port": "traffic-port",
                "protocol": "TCP",
                "timeout": 10,
                "unhealthy_threshold": 2
              }
            ],
            "id": "arn:aws:elasticloadbalancing:us-east-1:201451849701:targetgroup/sample-ecs-tg/72b9322a2f044b90",
            "lambda_multi_value_headers_enabled": false,
            "load_balancing_algorithm_type": null,
            "name": "sample-ecs-tg",
            "name_prefix": null,
            "port": 3333,
            "protocol": "TCP",
            "proxy_protocol_v2": false,
            "slow_start": 0,
            "stickiness": [],
            "tags": {},
            "target_type": "instance",
            "vpc_id": "vpc-045f73ed772f3758c"
          },
          "private": "bnVsbA=="
        }
      ]
    },
    {
      "mode": "managed",
      "type": "aws_autoscaling_group",
      "name": "sample_app_dc",
      "provider": "provider.aws",
      "instances": [
        {
          "schema_version": 0,
          "attributes": {
            "arn": "arn:aws:autoscaling:us-east-1:201451849701:autoScalingGroup:6e794393-f36b-440b-bd48-c7aff63dc9a2:autoScalingGroupName/sample-autoscale-group-dc",
            "availability_zones": [
              "us-east-1a",
              "us-east-1b"
            ],
            "default_cooldown": 300,
            "desired_capacity": 3,
            "enabled_metrics": [],
            "force_delete": false,
            "health_check_grace_period": 300,
            "health_check_type": "EC2",
            "id": "sample-autoscale-group-dc",
            "initial_lifecycle_hook": [],
            "launch_configuration": "terraform-20200330173649039700000001",
            "launch_template": [],
            "load_balancers": [],
            "max_instance_lifetime": 0,
            "max_size": 3,
            "metrics_granularity": "1Minute",
            "min_elb_capacity": null,
            "min_size": 1,
            "mixed_instances_policy": [],
            "name": "sample-autoscale-group-dc",
            "name_prefix": null,
            "placement_group": "",
            "protect_from_scale_in": false,
            "service_linked_role_arn": "arn:aws:iam::201451849701:role/aws-service-role/autoscaling.amazonaws.com/AWSServiceRoleForAutoScaling",
            "suspended_processes": [],
            "tag": [],
            "tags": null,
            "target_group_arns": [],
            "termination_policies": [],
            "timeouts": null,
            "vpc_zone_identifier": [
              "subnet-023f5f2214906e8c6",
              "subnet-05d27e43d1f07bc93"
            ],
            "wait_for_capacity_timeout": "10m",
            "wait_for_elb_capacity": null
          },
          "private": "eyJlMmJmYjczMC1lY2FhLTExZTYtOGY4OC0zNDM2M2JjN2M0YzAiOnsiZGVsZXRlIjo2MDAwMDAwMDAwMDB9fQ==",
          "dependencies": [
            "aws_launch_configuration.sample_app_dc"
          ]
        }
      ]
    },
    {
      "mode": "managed",
      "type": "aws_cloudwatch_log_group",
      "name": "app",
      "provider": "provider.aws",
      "instances": [
        {
          "schema_version": 0,
          "attributes": {
            "arn": "arn:aws:logs:us-east-1:201451849701:log-group:sample-ecs-group/app:*",
            "id": "sample-ecs-group/app",
            "kms_key_id": "",
            "name": "sample-ecs-group/app",
            "name_prefix": null,
            "retention_in_days": 0,
            "tags": {}
          },
          "private": "bnVsbA=="
        }
      ]
    },
    {
      "mode": "managed",
      "type": "aws_cloudwatch_log_group",
      "name": "ecs",
      "provider": "provider.aws",
      "instances": [
        {
          "schema_version": 0,
          "attributes": {
            "arn": "arn:aws:logs:us-east-1:201451849701:log-group:sample-ecs-group/ecs-agent:*",
            "id": "sample-ecs-group/ecs-agent",
            "kms_key_id": "",
            "name": "sample-ecs-group/ecs-agent",
            "name_prefix": null,
            "retention_in_days": 0,
            "tags": {}
          },
          "private": "bnVsbA=="
        }
      ]
    },
    {
      "mode": "managed",
      "type": "aws_ecs_cluster",
      "name": "main",
      "provider": "provider.aws",
      "instances": [
        {
          "schema_version": 0,
          "attributes": {
            "arn": "arn:aws:ecs:us-east-1:201451849701:cluster/sample-ecs-cluster",
            "capacity_providers": [],
            "default_capacity_provider_strategy": [],
            "id": "arn:aws:ecs:us-east-1:201451849701:cluster/sample-ecs-cluster",
            "name": "sample-ecs-cluster",
            "setting": [
              {
                "name": "containerInsights",
                "value": "disabled"
              }
            ],
            "tags": {}
          },
          "private": "bnVsbA=="
        }
      ]
    },
    {
      "mode": "managed",
      "type": "aws_ecs_service",
      "name": "sample_service",
      "provider": "provider.aws",
      "instances": [
        {
          "schema_version": 0,
          "attributes": {
            "capacity_provider_strategy": [],
            "cluster": "arn:aws:ecs:us-east-1:201451849701:cluster/sample-ecs-cluster",
            "deployment_controller": [
              {
                "type": "ECS"
              }
            ],
            "deployment_maximum_percent": 200,
            "deployment_minimum_healthy_percent": 100,
            "desired_count": 4,
            "enable_ecs_managed_tags": false,
            "health_check_grace_period_seconds": 0,
            "iam_role": "arn:aws:iam::201451849701:role/sample-ecs-role",
            "id": "arn:aws:ecs:us-east-1:201451849701:service/sample-service",
            "launch_type": "EC2",
            "load_balancer": [
              {
                "container_name": "sample-dc",
                "container_port": 3333,
                "elb_name": "",
                "target_group_arn": "arn:aws:elasticloadbalancing:us-east-1:201451849701:targetgroup/sample-ecs-tg/72b9322a2f044b90"
              }
            ],
            "name": "sample-service",
            "network_configuration": [],
            "ordered_placement_strategy": [],
            "placement_constraints": [],
            "placement_strategy": [],
            "platform_version": "",
            "propagate_tags": "NONE",
            "scheduling_strategy": "REPLICA",
            "service_registries": [],
            "tags": {},
            "task_definition": "arn:aws:ecs:us-east-1:201451849701:task-definition/sample-task:2"
          },
          "private": "bnVsbA==",
          "dependencies": [
            "aws_alb_listener.front_end",
            "aws_alb_target_group.sample_target_group",
            "aws_ecs_cluster.main",
            "aws_ecs_task_definition.sample_task",
            "aws_iam_role.ecs_service"
          ]
        }
      ]
    },
    {
      "mode": "managed",
      "type": "aws_ecs_task_definition",
      "name": "sample_task",
      "provider": "provider.aws",
      "instances": [
        {
          "schema_version": 1,
          "attributes": {
            "arn": "arn:aws:ecs:us-east-1:201451849701:task-definition/sample-task:2",
            "container_definitions": "[{\"cpu\":128,\"environment\":[],\"essential\":true,\"image\":\"aniketchopade/gotcp\",\"logConfiguration\":{\"logDriver\":\"awslogs\",\"options\":{\"awslogs-group\":\"sample-ecs-group/app\",\"awslogs-region\":\"us-east-1\"}},\"memory\":256,\"mountPoints\":[],\"name\":\"sample-dc\",\"portMappings\":[{\"containerPort\":3333,\"hostPort\":0,\"protocol\":\"tcp\"}],\"volumesFrom\":[]}]",
            "cpu": "",
            "execution_role_arn": "",
            "family": "sample-task",
            "id": "sample-task",
            "inference_accelerator": [],
            "ipc_mode": "",
            "memory": "",
            "network_mode": "",
            "pid_mode": "",
            "placement_constraints": [],
            "proxy_configuration": [],
            "requires_compatibilities": [],
            "revision": 2,
            "tags": {},
            "task_role_arn": "",
            "volume": []
          },
          "private": "eyJzY2hlbWFfdmVyc2lvbiI6IjEifQ==",
          "dependencies": [
            "aws_cloudwatch_log_group.app"
          ]
        }
      ]
    },
    {
      "mode": "managed",
      "type": "aws_iam_instance_profile",
      "name": "app",
      "provider": "provider.aws",
      "instances": [
        {
          "schema_version": 0,
          "attributes": {
            "arn": "arn:aws:iam::201451849701:instance-profile/sample-instance-profile",
            "create_date": "2020-03-30T17:20:24Z",
            "id": "sample-instance-profile",
            "name": "sample-instance-profile",
            "name_prefix": null,
            "path": "/",
            "role": "sample-instance-role",
            "roles": [
              "sample-instance-role"
            ],
            "unique_id": "AIPAS5Z3XI7S5LIECTSK3"
          },
          "private": "bnVsbA==",
          "dependencies": [
            "aws_iam_role.app_instance"
          ]
        }
      ]
    },
    {
      "mode": "managed",
      "type": "aws_iam_role",
      "name": "app_instance",
      "provider": "provider.aws",
      "instances": [
        {
          "schema_version": 0,
          "attributes": {
            "arn": "arn:aws:iam::201451849701:role/sample-instance-role",
            "assume_role_policy": "{\"Version\":\"2012-10-17\",\"Statement\":[{\"Sid\":\"\",\"Effect\":\"Allow\",\"Principal\":{\"Service\":\"ec2.amazonaws.com\"},\"Action\":\"sts:AssumeRole\"}]}",
            "create_date": "2020-03-30T17:20:24Z",
            "description": "",
            "force_detach_policies": false,
            "id": "sample-instance-role",
            "max_session_duration": 3600,
            "name": "sample-instance-role",
            "name_prefix": null,
            "path": "/",
            "permissions_boundary": null,
            "tags": {},
            "unique_id": "AROAS5Z3XI7SZCO4UL2MS"
          },
          "private": "bnVsbA=="
        }
      ]
    },
    {
      "mode": "managed",
      "type": "aws_iam_role",
      "name": "ecs_service",
      "provider": "provider.aws",
      "instances": [
        {
          "schema_version": 0,
          "attributes": {
            "arn": "arn:aws:iam::201451849701:role/sample-ecs-role",
            "assume_role_policy": "{\"Version\":\"2008-10-17\",\"Statement\":[{\"Sid\":\"\",\"Effect\":\"Allow\",\"Principal\":{\"Service\":\"ecs.amazonaws.com\"},\"Action\":\"sts:AssumeRole\"}]}",
            "create_date": "2020-03-30T17:20:24Z",
            "description": "",
            "force_detach_policies": false,
            "id": "sample-ecs-role",
            "max_session_duration": 3600,
            "name": "sample-ecs-role",
            "name_prefix": null,
            "path": "/",
            "permissions_boundary": null,
            "tags": {},
            "unique_id": "AROAS5Z3XI7SZYPNK4FEI"
          },
          "private": "bnVsbA=="
        }
      ]
    },
    {
      "mode": "managed",
      "type": "aws_iam_role_policy",
      "name": "ecs_service",
      "provider": "provider.aws",
      "instances": [
        {
          "schema_version": 0,
          "attributes": {
            "id": "sample-ecs-role:sample-ecs-policy",
            "name": "sample-ecs-policy",
            "name_prefix": null,
            "policy": "{\n  \"Version\": \"2012-10-17\",\n  \"Statement\": [\n    {\n      \"Effect\": \"Allow\",\n      \"Action\": [\n        \"ec2:Describe*\",\n        \"elasticloadbalancing:DeregisterInstancesFromLoadBalancer\",\n        \"elasticloadbalancing:DeregisterTargets\",\n        \"elasticloadbalancing:Describe*\",\n        \"elasticloadbalancing:RegisterInstancesWithLoadBalancer\",\n        \"elasticloadbalancing:RegisterTargets\"\n      ],\n      \"Resource\": \"*\"\n    }\n  ]\n}\n",
            "role": "sample-ecs-role"
          },
          "private": "bnVsbA==",
          "dependencies": [
            "aws_iam_role.ecs_service"
          ]
        }
      ]
    },
    {
      "mode": "managed",
      "type": "aws_iam_role_policy",
      "name": "instance",
      "provider": "provider.aws",
      "instances": [
        {
          "schema_version": 0,
          "attributes": {
            "id": "sample-instance-role:RateshopEcsInstanceRole",
            "name": "RateshopEcsInstanceRole",
            "name_prefix": null,
            "policy": "{\n  \"Version\": \"2012-10-17\",\n  \"Statement\": [\n    {\n      \"Sid\": \"ecsInstanceRole\",\n      \"Effect\": \"Allow\",\n      \"Action\": [\n              \"ecs:CreateCluster\",\n              \"ecs:DeregisterContainerInstance\",\n              \"ecs:DiscoverPollEndpoint\",\n              \"ecs:Poll\",\n              \"ecs:RegisterContainerInstance\",\n              \"ecs:StartTelemetrySession\",\n              \"ecs:Submit*\",\n              \"ecs:StartTask\",\n              \"ecr:GetAuthorizationToken\",\n              \"ecr:BatchCheckLayerAvailability\",\n              \"ecr:GetDownloadUrlForLayer\",\n              \"ecr:BatchGetImage\",\n              \"logs:CreateLogStream\",\n              \"logs:PutLogEvents\"\n      ],\n      \"Resource\": [\n        \"*\"\n      ]\n    },\n    {\n      \"Sid\": \"allowLoggingToCloudWatch\",\n      \"Effect\": \"Allow\",\n      \"Action\": [\n                \"logs:CreateLogGroup\",\n                \"logs:CreateLogStream\",\n                \"logs:PutLogEvents\",\n                \"logs:DescribeLogStreams\"\n      ],\n      \"Resource\": [\n        \"arn:aws:logs:us-east-1:201451849701:log-group:sample-ecs-group/app:*\",\n        \"arn:aws:logs:us-east-1:201451849701:log-group:sample-ecs-group/ecs-agent:*\"\n      ]\n    }\n  ]\n}\n",
            "role": "sample-instance-role"
          },
          "private": "bnVsbA==",
          "dependencies": [
            "aws_cloudwatch_log_group.app",
            "aws_cloudwatch_log_group.ecs",
            "aws_iam_role.app_instance"
          ]
        }
      ]
    },
    {
      "mode": "managed",
      "type": "aws_launch_configuration",
      "name": "sample_app_dc",
      "provider": "provider.aws",
      "instances": [
        {
          "schema_version": 0,
          "attributes": {
            "arn": "arn:aws:autoscaling:us-east-1:201451849701:launchConfiguration:361f6aaf-7c31-40e0-8f3f-cb7ca33101bf:launchConfigurationName/terraform-20200330173649039700000001",
            "associate_public_ip_address": true,
            "ebs_block_device": [],
            "ebs_optimized": false,
            "enable_monitoring": true,
            "ephemeral_block_device": [],
            "iam_instance_profile": "sample-instance-profile",
            "id": "terraform-20200330173649039700000001",
            "image_id": "ami-aff65ad2",
            "instance_type": "t2.micro",
            "key_name": "mybox",
            "name": "terraform-20200330173649039700000001",
            "name_prefix": null,
            "placement_tenancy": null,
            "root_block_device": [],
            "security_groups": [
              "sg-0be8324615fbadfe0"
            ],
            "spot_price": "",
            "user_data": "a13f4eee1a470ed71c686b9d2499c1d45ee1606a",
            "user_data_base64": null,
            "vpc_classic_link_id": "",
            "vpc_classic_link_security_groups": []
          },
          "private": "bnVsbA==",
          "dependencies": [
            "aws_iam_instance_profile.app"
          ]
        }
      ]
    },
    {
      "mode": "managed",
      "type": "aws_lb",
      "name": "main",
      "provider": "provider.aws",
      "instances": [
        {
          "schema_version": 0,
          "attributes": {
            "access_logs": [
              {
                "bucket": "",
                "enabled": false,
                "prefix": ""
              }
            ],
            "arn": "arn:aws:elasticloadbalancing:us-east-1:201451849701:loadbalancer/net/sample-alb-ecs/658d14907db54259",
            "arn_suffix": "net/sample-alb-ecs/658d14907db54259",
            "dns_name": "sample-alb-ecs-658d14907db54259.elb.us-east-1.amazonaws.com",
            "drop_invalid_header_fields": null,
            "enable_cross_zone_load_balancing": false,
            "enable_deletion_protection": false,
            "enable_http2": null,
            "id": "arn:aws:elasticloadbalancing:us-east-1:201451849701:loadbalancer/net/sample-alb-ecs/658d14907db54259",
            "idle_timeout": null,
            "internal": false,
            "ip_address_type": "ipv4",
            "load_balancer_type": "network",
            "name": "sample-alb-ecs",
            "name_prefix": null,
            "security_groups": [],
            "subnet_mapping": [
              {
                "allocation_id": "",
                "subnet_id": "subnet-023f5f2214906e8c6"
              },
              {
                "allocation_id": "",
                "subnet_id": "subnet-05d27e43d1f07bc93"
              }
            ],
            "subnets": [
              "subnet-023f5f2214906e8c6",
              "subnet-05d27e43d1f07bc93"
            ],
            "tags": {},
            "timeouts": null,
            "vpc_id": "vpc-045f73ed772f3758c",
            "zone_id": "Z26RNL4JYFTOTI"
          },
          "private": "eyJlMmJmYjczMC1lY2FhLTExZTYtOGY4OC0zNDM2M2JjN2M0YzAiOnsiY3JlYXRlIjo2MDAwMDAwMDAwMDAsImRlbGV0ZSI6NjAwMDAwMDAwMDAwLCJ1cGRhdGUiOjYwMDAwMDAwMDAwMH19"
        }
      ]
    },
    {
      "mode": "managed",
      "type": "aws_security_group",
      "name": "sample_alb_sg",
      "provider": "provider.aws",
      "instances": [
        {
          "schema_version": 1,
          "attributes": {
            "arn": "arn:aws:ec2:us-east-1:201451849701:security-group/sg-0db16c1526410271a",
            "description": "controls access to the application ELB",
            "egress": [
              {
                "cidr_blocks": [
                  "0.0.0.0/0"
                ],
                "description": "",
                "from_port": 0,
                "ipv6_cidr_blocks": [],
                "prefix_list_ids": [],
                "protocol": "-1",
                "security_groups": [],
                "self": false,
                "to_port": 0
              }
            ],
            "id": "sg-0db16c1526410271a",
            "ingress": [
              {
                "cidr_blocks": [
                  "0.0.0.0/0"
                ],
                "description": "",
                "from_port": 80,
                "ipv6_cidr_blocks": [],
                "prefix_list_ids": [],
                "protocol": "tcp",
                "security_groups": [],
                "self": false,
                "to_port": 80
              }
            ],
            "name": "sample-ecs-lbsg",
            "name_prefix": null,
            "owner_id": "201451849701",
            "revoke_rules_on_delete": false,
            "tags": {},
            "timeouts": null,
            "vpc_id": "vpc-045f73ed772f3758c"
          },
          "private": "eyJlMmJmYjczMC1lY2FhLTExZTYtOGY4OC0zNDM2M2JjN2M0YzAiOnsiY3JlYXRlIjo2MDAwMDAwMDAwMDAsImRlbGV0ZSI6NjAwMDAwMDAwMDAwfSwic2NoZW1hX3ZlcnNpb24iOiIxIn0="
        }
      ]
    },
    {
      "mode": "managed",
      "type": "aws_security_group",
      "name": "sample_application_sg",
      "provider": "provider.aws",
      "instances": [
        {
          "schema_version": 1,
          "attributes": {
            "arn": "arn:aws:ec2:us-east-1:201451849701:security-group/sg-051a567cc1a7178bb",
            "description": "controls direct access to application instances",
            "egress": [
              {
                "cidr_blocks": [
                  "0.0.0.0/0"
                ],
                "description": "",
                "from_port": 0,
                "ipv6_cidr_blocks": [],
                "prefix_list_ids": [],
                "protocol": "-1",
                "security_groups": [],
                "self": false,
                "to_port": 0
              }
            ],
            "id": "sg-051a567cc1a7178bb",
            "ingress": [
              {
                "cidr_blocks": [
                  "0.0.0.0/0"
                ],
                "description": "",
                "from_port": 22,
                "ipv6_cidr_blocks": [],
                "prefix_list_ids": [],
                "protocol": "tcp",
                "security_groups": [],
                "self": false,
                "to_port": 22
              },
              {
                "cidr_blocks": [],
                "description": "",
                "from_port": 3333,
                "ipv6_cidr_blocks": [],
                "prefix_list_ids": [],
                "protocol": "tcp",
                "security_groups": [
                  "sg-0db16c1526410271a"
                ],
                "self": false,
                "to_port": 3333
              }
            ],
            "name": "sample-ecs-appsg",
            "name_prefix": null,
            "owner_id": "201451849701",
            "revoke_rules_on_delete": false,
            "tags": {},
            "timeouts": null,
            "vpc_id": "vpc-045f73ed772f3758c"
          },
          "private": "eyJlMmJmYjczMC1lY2FhLTExZTYtOGY4OC0zNDM2M2JjN2M0YzAiOnsiY3JlYXRlIjo2MDAwMDAwMDAwMDAsImRlbGV0ZSI6NjAwMDAwMDAwMDAwfSwic2NoZW1hX3ZlcnNpb24iOiIxIn0=",
          "dependencies": [
            "aws_security_group.sample_alb_sg"
          ]
        }
      ]
    }
  ]
}
